
Microsoft Visual Studio Solution File, Format Version 12.00
# Visual Studio Version 17
VisualStudioVersion = 17.14.35821.62 d17.14
MinimumVisualStudioVersion = 10.0.40219.1
Project("{FAE04EC0-301F-11D3-BF4B-00C04F79EFBC}") = "EnableInterpolation", "EnableInterpolation\EnableInterpolation.csproj", "{DD08B37A-5CC4-4DE1-9815-4B03B9C0C3EF}"
EndProject
Global
	GlobalSection(SolutionConfigurationPlatforms) = preSolution
		Debug|Any CPU = Debug|Any CPU
		Release|Any CPU = Release|Any CPU
	EndGlobalSection
	GlobalSection(ProjectConfigurationPlatforms) = postSolution
		{DD08B37A-5CC4-4DE1-9815-4B03B9C0C3EF}.Debug|Any CPU.ActiveCfg = Debug|Any CPU
		{DD08B37A-5CC4-4DE1-9815-4B03B9C0C3EF}.Debug|Any CPU.Build.0 = Debug|Any CPU
		{DD08B37A-5CC4-4DE1-9815-4B03B9C0C3EF}.Release|Any CPU.ActiveCfg = Release|Any CPU
		{DD08B37A-5CC4-4DE1-9815-4B03B9C0C3EF}.Release|Any CPU.Build.0 = Release|Any CPU
	EndGlobalSection
	GlobalSection(SolutionProperties) = preSolution
		HideSolutionNode = FALSE
	EndGlobalSection
	GlobalSection(ExtensibilityGlobals) = postSolution
		SolutionGuid = {E58B991D-3F4B-457F-A187-13B3369EB8C5}
	EndGlobalSection
EndGlobal
