
Microsoft Visual Studio Solution File, Format Version 12.00
# Visual Studio Version 17
VisualStudioVersion = 17.14.35821.62
MinimumVisualStudioVersion = 10.0.40219.1
Project("{FAE04EC0-301F-11D3-BF4B-00C04F79EFBC}") = "HighFPSSupport", "HighFPSSupport\HighFPSSupport.csproj", "{13CD9D4F-4BCF-4C07-8396-1E2B58D92A69}"
EndProject
Project("{FAE04EC0-301F-11D3-BF4B-00C04F79EFBC}") = "BlackBackground", "BlackBackground\BlackBackground.csproj", "{83C70B7B-691F-4F5F-A77D-294AD8E0847A}"
EndProject
Global
	GlobalSection(SolutionConfigurationPlatforms) = preSolution
		Debug|Any CPU = Debug|Any CPU
		Release|Any CPU = Release|Any CPU
	EndGlobalSection
	GlobalSection(ProjectConfigurationPlatforms) = postSolution
		{13CD9D4F-4BCF-4C07-8396-1E2B58D92A69}.Debug|Any CPU.ActiveCfg = Debug|Any CPU
		{13CD9D4F-4BCF-4C07-8396-1E2B58D92A69}.Debug|Any CPU.Build.0 = Debug|Any CPU
		{13CD9D4F-4BCF-4C07-8396-1E2B58D92A69}.Release|Any CPU.ActiveCfg = Release|Any CPU
		{13CD9D4F-4BCF-4C07-8396-1E2B58D92A69}.Release|Any CPU.Build.0 = Release|Any CPU
		{83C70B7B-691F-4F5F-A77D-294AD8E0847A}.Debug|Any CPU.ActiveCfg = Debug|Any CPU
		{83C70B7B-691F-4F5F-A77D-294AD8E0847A}.Debug|Any CPU.Build.0 = Debug|Any CPU
		{83C70B7B-691F-4F5F-A77D-294AD8E0847A}.Release|Any CPU.ActiveCfg = Release|Any CPU
		{83C70B7B-691F-4F5F-A77D-294AD8E0847A}.Release|Any CPU.Build.0 = Release|Any CPU
	EndGlobalSection
	GlobalSection(SolutionProperties) = preSolution
		HideSolutionNode = FALSE
	EndGlobalSection
	GlobalSection(ExtensibilityGlobals) = postSolution
		SolutionGuid = {A455CF51-DDE6-48C2-850D-A7AC4AE132B8}
	EndGlobalSection
EndGlobal
