
Microsoft Visual Studio Solution File, Format Version 12.00
# Visual Studio Version 17
VisualStudioVersion = 17.5.33209.295
MinimumVisualStudioVersion = 10.0.40219.1
Project("{9A19103F-16F7-4668-BE54-9A1E7A4F7556}") = "EasyIMGUI.Controls", "EasyIMGUI.Controls\EasyIMGUI.Controls.csproj", "{EAB8D060-03B6-464D-8C99-561CDE1EF477}"
EndProject
Project("{9A19103F-16F7-4668-BE54-9A1E7A4F7556}") = "EasyIMGUI.MelonLoader.Interface", "EasyIMGUI.MelonLoader.Interface\EasyIMGUI.MelonLoader.Interface.csproj", "{1BA475C1-EA41-4ED3-83B7-7B9365D7377B}"
EndProject
Project("{FAE04EC0-301F-11D3-BF4B-00C04F79EFBC}") = "EasyIMGUI.Controls.Extra", "EasyIMGUI.Controls.Extra\EasyIMGUI.Controls.Extra.csproj", "{FAFFC31F-7F5B-46E4-BFAD-5605587634EA}"
EndProject
Global
	GlobalSection(SolutionConfigurationPlatforms) = preSolution
		Debug|Any CPU = Debug|Any CPU
		Release|Any CPU = Release|Any CPU
	EndGlobalSection
	GlobalSection(ProjectConfigurationPlatforms) = postSolution
		{EAB8D060-03B6-464D-8C99-561CDE1EF477}.Debug|Any CPU.ActiveCfg = Debug|Any CPU
		{EAB8D060-03B6-464D-8C99-561CDE1EF477}.Debug|Any CPU.Build.0 = Debug|Any CPU
		{EAB8D060-03B6-464D-8C99-561CDE1EF477}.Release|Any CPU.ActiveCfg = Release|Any CPU
		{EAB8D060-03B6-464D-8C99-561CDE1EF477}.Release|Any CPU.Build.0 = Release|Any CPU
		{1BA475C1-EA41-4ED3-83B7-7B9365D7377B}.Debug|Any CPU.ActiveCfg = Debug|Any CPU
		{1BA475C1-EA41-4ED3-83B7-7B9365D7377B}.Debug|Any CPU.Build.0 = Debug|Any CPU
		{1BA475C1-EA41-4ED3-83B7-7B9365D7377B}.Release|Any CPU.ActiveCfg = Release|Any CPU
		{1BA475C1-EA41-4ED3-83B7-7B9365D7377B}.Release|Any CPU.Build.0 = Release|Any CPU
		{FAFFC31F-7F5B-46E4-BFAD-5605587634EA}.Debug|Any CPU.ActiveCfg = Debug|Any CPU
		{FAFFC31F-7F5B-46E4-BFAD-5605587634EA}.Debug|Any CPU.Build.0 = Debug|Any CPU
		{FAFFC31F-7F5B-46E4-BFAD-5605587634EA}.Release|Any CPU.ActiveCfg = Release|Any CPU
		{FAFFC31F-7F5B-46E4-BFAD-5605587634EA}.Release|Any CPU.Build.0 = Release|Any CPU
	EndGlobalSection
	GlobalSection(SolutionProperties) = preSolution
		HideSolutionNode = FALSE
	EndGlobalSection
	GlobalSection(ExtensibilityGlobals) = postSolution
		SolutionGuid = {370FF89F-9DCE-436B-A7C9-4E325CE7135C}
	EndGlobalSection
EndGlobal
