
Microsoft Visual Studio Solution File, Format Version 12.00
# Visual Studio Version 17
VisualStudioVersion = 17.7.33808.371
MinimumVisualStudioVersion = 10.0.40219.1
Project("{FAE04EC0-301F-11D3-BF4B-00C04F79EFBC}") = "FieldOfView", "FieldOfView\FieldOfView.csproj", "{646B1624-4114-4029-946E-01FED558354D}"
EndProject
Project("{FAE04EC0-301F-11D3-BF4B-00C04F79EFBC}") = "NoMotionBlur", "NoMotionBlur\NoMotionBlur.csproj", "{4DEC11F0-925F-45FB-88C6-A2CC0D660634}"
EndProject
Global
	GlobalSection(SolutionConfigurationPlatforms) = preSolution
		Debug|Any CPU = Debug|Any CPU
		Release|Any CPU = Release|Any CPU
	EndGlobalSection
	GlobalSection(ProjectConfigurationPlatforms) = postSolution
		{646B1624-4114-4029-946E-01FED558354D}.Debug|Any CPU.ActiveCfg = Debug|Any CPU
		{646B1624-4114-4029-946E-01FED558354D}.Debug|Any CPU.Build.0 = Debug|Any CPU
		{646B1624-4114-4029-946E-01FED558354D}.Release|Any CPU.ActiveCfg = Release|Any CPU
		{646B1624-4114-4029-946E-01FED558354D}.Release|Any CPU.Build.0 = Release|Any CPU
		{4DEC11F0-925F-45FB-88C6-A2CC0D660634}.Debug|Any CPU.ActiveCfg = Debug|Any CPU
		{4DEC11F0-925F-45FB-88C6-A2CC0D660634}.Debug|Any CPU.Build.0 = Debug|Any CPU
		{4DEC11F0-925F-45FB-88C6-A2CC0D660634}.Release|Any CPU.ActiveCfg = Release|Any CPU
		{4DEC11F0-925F-45FB-88C6-A2CC0D660634}.Release|Any CPU.Build.0 = Release|Any CPU
	EndGlobalSection
	GlobalSection(SolutionProperties) = preSolution
		HideSolutionNode = FALSE
	EndGlobalSection
	GlobalSection(ExtensibilityGlobals) = postSolution
		SolutionGuid = {A6832FA2-05A1-40B1-8480-5D48FF76D8BE}
	EndGlobalSection
EndGlobal
