
Microsoft Visual Studio Solution File, Format Version 12.00
# Visual Studio Version 17
VisualStudioVersion = 17.5.33318.248
MinimumVisualStudioVersion = 10.0.40219.1
Project("{9A19103F-16F7-4668-BE54-9A1E7A4F7556}") = "BetterThirdPerson", "BetterThirdPerson\BetterThirdPerson.csproj", "{7EFD4673-24C0-469D-BEAA-029BD55E96E9}"
EndProject
Project("{9A19103F-16F7-4668-BE54-9A1E7A4F7556}") = "FastForward", "FastForward\FastForward.csproj", "{33B05E28-15E0-4A41-A7F0-84226827D000}"
EndProject
Project("{9A19103F-16F7-4668-BE54-9A1E7A4F7556}") = "ProperSave.StopDeletingMySave", "ProperSave.StopDeletingMySave\ProperSave.StopDeletingMySave.csproj", "{69F84D99-B5CE-4E5B-A164-9D40EFEAA966}"
EndProject
Project("{9A19103F-16F7-4668-BE54-9A1E7A4F7556}") = "AutoJump", "AutoJump\AutoJump.csproj", "{4D3C1042-E60B-410A-96F9-809EDC778979}"
EndProject
Project("{9A19103F-16F7-4668-BE54-9A1E7A4F7556}") = "ProperSave.CommandQueue", "ProperSave.CommandQueue\ProperSave.CommandQueue.csproj", "{AB3097B4-77AF-4438-B95B-514FF7283323}"
EndProject
Project("{9A19103F-16F7-4668-BE54-9A1E7A4F7556}") = "CommandQueue.Freeze", "CommandQueue.Freeze\CommandQueue.Freeze.csproj", "{619E7933-1DA0-4B86-81ED-5EE7F9B3D703}"
EndProject
Global
	GlobalSection(SolutionConfigurationPlatforms) = preSolution
		Debug|Any CPU = Debug|Any CPU
		Release|Any CPU = Release|Any CPU
	EndGlobalSection
	GlobalSection(ProjectConfigurationPlatforms) = postSolution
		{7EFD4673-24C0-469D-BEAA-029BD55E96E9}.Debug|Any CPU.ActiveCfg = Debug|Any CPU
		{7EFD4673-24C0-469D-BEAA-029BD55E96E9}.Debug|Any CPU.Build.0 = Debug|Any CPU
		{7EFD4673-24C0-469D-BEAA-029BD55E96E9}.Release|Any CPU.ActiveCfg = Release|Any CPU
		{7EFD4673-24C0-469D-BEAA-029BD55E96E9}.Release|Any CPU.Build.0 = Release|Any CPU
		{33B05E28-15E0-4A41-A7F0-84226827D000}.Debug|Any CPU.ActiveCfg = Debug|Any CPU
		{33B05E28-15E0-4A41-A7F0-84226827D000}.Debug|Any CPU.Build.0 = Debug|Any CPU
		{33B05E28-15E0-4A41-A7F0-84226827D000}.Release|Any CPU.ActiveCfg = Release|Any CPU
		{33B05E28-15E0-4A41-A7F0-84226827D000}.Release|Any CPU.Build.0 = Release|Any CPU
		{69F84D99-B5CE-4E5B-A164-9D40EFEAA966}.Debug|Any CPU.ActiveCfg = Debug|Any CPU
		{69F84D99-B5CE-4E5B-A164-9D40EFEAA966}.Debug|Any CPU.Build.0 = Debug|Any CPU
		{69F84D99-B5CE-4E5B-A164-9D40EFEAA966}.Release|Any CPU.ActiveCfg = Release|Any CPU
		{69F84D99-B5CE-4E5B-A164-9D40EFEAA966}.Release|Any CPU.Build.0 = Release|Any CPU
		{4D3C1042-E60B-410A-96F9-809EDC778979}.Debug|Any CPU.ActiveCfg = Debug|Any CPU
		{4D3C1042-E60B-410A-96F9-809EDC778979}.Debug|Any CPU.Build.0 = Debug|Any CPU
		{4D3C1042-E60B-410A-96F9-809EDC778979}.Release|Any CPU.ActiveCfg = Release|Any CPU
		{4D3C1042-E60B-410A-96F9-809EDC778979}.Release|Any CPU.Build.0 = Release|Any CPU
		{AB3097B4-77AF-4438-B95B-514FF7283323}.Debug|Any CPU.ActiveCfg = Debug|Any CPU
		{AB3097B4-77AF-4438-B95B-514FF7283323}.Debug|Any CPU.Build.0 = Debug|Any CPU
		{AB3097B4-77AF-4438-B95B-514FF7283323}.Release|Any CPU.ActiveCfg = Release|Any CPU
		{AB3097B4-77AF-4438-B95B-514FF7283323}.Release|Any CPU.Build.0 = Release|Any CPU
		{619E7933-1DA0-4B86-81ED-5EE7F9B3D703}.Debug|Any CPU.ActiveCfg = Debug|Any CPU
		{619E7933-1DA0-4B86-81ED-5EE7F9B3D703}.Debug|Any CPU.Build.0 = Debug|Any CPU
		{619E7933-1DA0-4B86-81ED-5EE7F9B3D703}.Release|Any CPU.ActiveCfg = Release|Any CPU
		{619E7933-1DA0-4B86-81ED-5EE7F9B3D703}.Release|Any CPU.Build.0 = Release|Any CPU
	EndGlobalSection
	GlobalSection(SolutionProperties) = preSolution
		HideSolutionNode = FALSE
	EndGlobalSection
	GlobalSection(ExtensibilityGlobals) = postSolution
		SolutionGuid = {25394121-1456-4FD9-A853-060A4DBBB74C}
	EndGlobalSection
EndGlobal
