
Microsoft Visual Studio Solution File, Format Version 12.00
# Visual Studio Version 17
VisualStudioVersion = 17.10.34818.151
MinimumVisualStudioVersion = 10.0.40219.1
Project("{FAE04EC0-301F-11D3-BF4B-00C04F79EFBC}") = "MouseAimAssist", "MouseAimAssist\MouseAimAssist.csproj", "{61B8575F-BB22-4F95-B016-91406A61BE66}"
EndProject
Project("{FAE04EC0-301F-11D3-BF4B-00C04F79EFBC}") = "AutoShoot", "AutoShoot\AutoShoot.csproj", "{3DBC3016-180E-4272-97C6-21E9811392A9}"
EndProject
Global
	GlobalSection(SolutionConfigurationPlatforms) = preSolution
		Debug|Any CPU = Debug|Any CPU
		Release|Any CPU = Release|Any CPU
	EndGlobalSection
	GlobalSection(ProjectConfigurationPlatforms) = postSolution
		{61B8575F-BB22-4F95-B016-91406A61BE66}.Debug|Any CPU.ActiveCfg = Debug|Any CPU
		{61B8575F-BB22-4F95-B016-91406A61BE66}.Debug|Any CPU.Build.0 = Debug|Any CPU
		{61B8575F-BB22-4F95-B016-91406A61BE66}.Release|Any CPU.ActiveCfg = Release|Any CPU
		{61B8575F-BB22-4F95-B016-91406A61BE66}.Release|Any CPU.Build.0 = Release|Any CPU
		{3DBC3016-180E-4272-97C6-21E9811392A9}.Debug|Any CPU.ActiveCfg = Debug|Any CPU
		{3DBC3016-180E-4272-97C6-21E9811392A9}.Debug|Any CPU.Build.0 = Debug|Any CPU
		{3DBC3016-180E-4272-97C6-21E9811392A9}.Release|Any CPU.ActiveCfg = Release|Any CPU
		{3DBC3016-180E-4272-97C6-21E9811392A9}.Release|Any CPU.Build.0 = Release|Any CPU
	EndGlobalSection
	GlobalSection(SolutionProperties) = preSolution
		HideSolutionNode = FALSE
	EndGlobalSection
	GlobalSection(ExtensibilityGlobals) = postSolution
		SolutionGuid = {83AF714B-A586-4368-AFC1-D46D4D3A3959}
	EndGlobalSection
EndGlobal
