
Microsoft Visual Studio Solution File, Format Version 12.00
# Visual Studio Version 17
VisualStudioVersion = 17.5.33103.201
MinimumVisualStudioVersion = 10.0.40219.1
Project("{FAE04EC0-301F-11D3-BF4B-00C04F79EFBC}") = "SaveEditor", "SaveEditor\SaveEditor.csproj", "{5B2FF1D8-9BA1-4DAE-B7CD-87C63D4185C0}"
EndProject
Project("{FAE04EC0-301F-11D3-BF4B-00C04F79EFBC}") = "StatEditor", "StatEditor\StatEditor.csproj", "{3EA8FFA6-B068-4315-A038-431221DFE41D}"
EndProject
Project("{FAE04EC0-301F-11D3-BF4B-00C04F79EFBC}") = "GraphicsEditor", "GraphicsEditor\GraphicsEditor.csproj", "{79752249-881D-4C7A-98A6-22F2FC6F4E8A}"
EndProject
Project("{FAE04EC0-301F-11D3-BF4B-00C04F79EFBC}") = "CameraEditor", "CameraEditor\CameraEditor.csproj", "{F5FB9783-B5FC-4672-831A-CC89BA0253E9}"
EndProject
Project("{FAE04EC0-301F-11D3-BF4B-00C04F79EFBC}") = "WhatsMyTime", "WhatsMyTime\WhatsMyTime.csproj", "{DC2A5726-C749-4FDD-B49C-C66BBEF09534}"
EndProject
Project("{FAE04EC0-301F-11D3-BF4B-00C04F79EFBC}") = "TeleportMenu", "TeleportMenu\TeleportMenu.csproj", "{E707AF26-2F3D-47BB-A690-198AB2794CE4}"
EndProject
Global
	GlobalSection(SolutionConfigurationPlatforms) = preSolution
		Debug|Any CPU = Debug|Any CPU
		Release|Any CPU = Release|Any CPU
	EndGlobalSection
	GlobalSection(ProjectConfigurationPlatforms) = postSolution
		{5B2FF1D8-9BA1-4DAE-B7CD-87C63D4185C0}.Debug|Any CPU.ActiveCfg = Debug|Any CPU
		{5B2FF1D8-9BA1-4DAE-B7CD-87C63D4185C0}.Debug|Any CPU.Build.0 = Debug|Any CPU
		{5B2FF1D8-9BA1-4DAE-B7CD-87C63D4185C0}.Release|Any CPU.ActiveCfg = Release|Any CPU
		{5B2FF1D8-9BA1-4DAE-B7CD-87C63D4185C0}.Release|Any CPU.Build.0 = Release|Any CPU
		{3EA8FFA6-B068-4315-A038-431221DFE41D}.Debug|Any CPU.ActiveCfg = Debug|Any CPU
		{3EA8FFA6-B068-4315-A038-431221DFE41D}.Debug|Any CPU.Build.0 = Debug|Any CPU
		{3EA8FFA6-B068-4315-A038-431221DFE41D}.Release|Any CPU.ActiveCfg = Release|Any CPU
		{3EA8FFA6-B068-4315-A038-431221DFE41D}.Release|Any CPU.Build.0 = Release|Any CPU
		{79752249-881D-4C7A-98A6-22F2FC6F4E8A}.Debug|Any CPU.ActiveCfg = Debug|Any CPU
		{79752249-881D-4C7A-98A6-22F2FC6F4E8A}.Debug|Any CPU.Build.0 = Debug|Any CPU
		{79752249-881D-4C7A-98A6-22F2FC6F4E8A}.Release|Any CPU.ActiveCfg = Release|Any CPU
		{79752249-881D-4C7A-98A6-22F2FC6F4E8A}.Release|Any CPU.Build.0 = Release|Any CPU
		{F5FB9783-B5FC-4672-831A-CC89BA0253E9}.Debug|Any CPU.ActiveCfg = Debug|Any CPU
		{F5FB9783-B5FC-4672-831A-CC89BA0253E9}.Debug|Any CPU.Build.0 = Debug|Any CPU
		{F5FB9783-B5FC-4672-831A-CC89BA0253E9}.Release|Any CPU.ActiveCfg = Release|Any CPU
		{F5FB9783-B5FC-4672-831A-CC89BA0253E9}.Release|Any CPU.Build.0 = Release|Any CPU
		{DC2A5726-C749-4FDD-B49C-C66BBEF09534}.Debug|Any CPU.ActiveCfg = Debug|Any CPU
		{DC2A5726-C749-4FDD-B49C-C66BBEF09534}.Debug|Any CPU.Build.0 = Debug|Any CPU
		{DC2A5726-C749-4FDD-B49C-C66BBEF09534}.Release|Any CPU.ActiveCfg = Release|Any CPU
		{DC2A5726-C749-4FDD-B49C-C66BBEF09534}.Release|Any CPU.Build.0 = Release|Any CPU
		{E707AF26-2F3D-47BB-A690-198AB2794CE4}.Debug|Any CPU.ActiveCfg = Debug|Any CPU
		{E707AF26-2F3D-47BB-A690-198AB2794CE4}.Debug|Any CPU.Build.0 = Debug|Any CPU
		{E707AF26-2F3D-47BB-A690-198AB2794CE4}.Release|Any CPU.ActiveCfg = Release|Any CPU
		{E707AF26-2F3D-47BB-A690-198AB2794CE4}.Release|Any CPU.Build.0 = Release|Any CPU
	EndGlobalSection
	GlobalSection(SolutionProperties) = preSolution
		HideSolutionNode = FALSE
	EndGlobalSection
	GlobalSection(ExtensibilityGlobals) = postSolution
		SolutionGuid = {C1C77C98-3B73-423C-A10D-139BB87972C3}
	EndGlobalSection
EndGlobal
