
Microsoft Visual Studio Solution File, Format Version 12.00
# Visual Studio Version 17
VisualStudioVersion = 17.5.33103.201
MinimumVisualStudioVersion = 10.0.40219.1
Project("{2150E333-8FDC-42A3-9474-1A3956D46DE8}") = "MelonMods", "MelonMods", "{D309C0D1-9C30-4C38-AD1B-97D512150CED}"
EndProject
Project("{9A19103F-16F7-4668-BE54-9A1E7A4F7556}") = "Assembly-CSharp", "Assembly-CSharp\Assembly-CSharp.csproj", "{D7C0617C-3DC0-44F4-BD0D-9FD528826B80}"
EndProject
Project("{FAE04EC0-301F-11D3-BF4B-00C04F79EFBC}") = "Unstucker", "MelonMods\Unstucker\Unstucker.csproj", "{5DCFE015-EF07-49BD-9EE8-5159CC3C279A}"
EndProject
Project("{FAE04EC0-301F-11D3-BF4B-00C04F79EFBC}") = "RemoveInvisibleWalls", "MelonMods\RemoveInvisibleWalls\RemoveInvisibleWalls.csproj", "{A4CD82EF-E571-4D9C-AEAF-2ADC1E7CC9C7}"
EndProject
Project("{FAE04EC0-301F-11D3-BF4B-00C04F79EFBC}") = "FOVModifier", "MelonMods\FOVModifier\FOVModifier.csproj", "{80426378-8AAE-4471-AA2A-BB2E4A667FBC}"
EndProject
Project("{FAE04EC0-301F-11D3-BF4B-00C04F79EFBC}") = "SaveEditor", "MelonMods\SaveEditor\SaveEditor.csproj", "{5B2FF1D8-9BA1-4DAE-B7CD-87C63D4185C0}"
EndProject
Global
	GlobalSection(SolutionConfigurationPlatforms) = preSolution
		Debug|Any CPU = Debug|Any CPU
		Release|Any CPU = Release|Any CPU
	EndGlobalSection
	GlobalSection(ProjectConfigurationPlatforms) = postSolution
		{D7C0617C-3DC0-44F4-BD0D-9FD528826B80}.Debug|Any CPU.ActiveCfg = Debug|Any CPU
		{D7C0617C-3DC0-44F4-BD0D-9FD528826B80}.Debug|Any CPU.Build.0 = Debug|Any CPU
		{D7C0617C-3DC0-44F4-BD0D-9FD528826B80}.Release|Any CPU.ActiveCfg = Release|Any CPU
		{D7C0617C-3DC0-44F4-BD0D-9FD528826B80}.Release|Any CPU.Build.0 = Release|Any CPU
		{5DCFE015-EF07-49BD-9EE8-5159CC3C279A}.Debug|Any CPU.ActiveCfg = Debug|Any CPU
		{5DCFE015-EF07-49BD-9EE8-5159CC3C279A}.Debug|Any CPU.Build.0 = Debug|Any CPU
		{5DCFE015-EF07-49BD-9EE8-5159CC3C279A}.Release|Any CPU.ActiveCfg = Release|Any CPU
		{5DCFE015-EF07-49BD-9EE8-5159CC3C279A}.Release|Any CPU.Build.0 = Release|Any CPU
		{A4CD82EF-E571-4D9C-AEAF-2ADC1E7CC9C7}.Debug|Any CPU.ActiveCfg = Debug|Any CPU
		{A4CD82EF-E571-4D9C-AEAF-2ADC1E7CC9C7}.Debug|Any CPU.Build.0 = Debug|Any CPU
		{A4CD82EF-E571-4D9C-AEAF-2ADC1E7CC9C7}.Release|Any CPU.ActiveCfg = Release|Any CPU
		{A4CD82EF-E571-4D9C-AEAF-2ADC1E7CC9C7}.Release|Any CPU.Build.0 = Release|Any CPU
		{80426378-8AAE-4471-AA2A-BB2E4A667FBC}.Debug|Any CPU.ActiveCfg = Debug|Any CPU
		{80426378-8AAE-4471-AA2A-BB2E4A667FBC}.Debug|Any CPU.Build.0 = Debug|Any CPU
		{80426378-8AAE-4471-AA2A-BB2E4A667FBC}.Release|Any CPU.ActiveCfg = Release|Any CPU
		{80426378-8AAE-4471-AA2A-BB2E4A667FBC}.Release|Any CPU.Build.0 = Release|Any CPU
		{5B2FF1D8-9BA1-4DAE-B7CD-87C63D4185C0}.Debug|Any CPU.ActiveCfg = Debug|Any CPU
		{5B2FF1D8-9BA1-4DAE-B7CD-87C63D4185C0}.Debug|Any CPU.Build.0 = Debug|Any CPU
		{5B2FF1D8-9BA1-4DAE-B7CD-87C63D4185C0}.Release|Any CPU.ActiveCfg = Release|Any CPU
		{5B2FF1D8-9BA1-4DAE-B7CD-87C63D4185C0}.Release|Any CPU.Build.0 = Release|Any CPU
	EndGlobalSection
	GlobalSection(SolutionProperties) = preSolution
		HideSolutionNode = FALSE
	EndGlobalSection
	GlobalSection(NestedProjects) = preSolution
		{5DCFE015-EF07-49BD-9EE8-5159CC3C279A} = {D309C0D1-9C30-4C38-AD1B-97D512150CED}
		{A4CD82EF-E571-4D9C-AEAF-2ADC1E7CC9C7} = {D309C0D1-9C30-4C38-AD1B-97D512150CED}
		{80426378-8AAE-4471-AA2A-BB2E4A667FBC} = {D309C0D1-9C30-4C38-AD1B-97D512150CED}
		{5B2FF1D8-9BA1-4DAE-B7CD-87C63D4185C0} = {D309C0D1-9C30-4C38-AD1B-97D512150CED}
	EndGlobalSection
	GlobalSection(ExtensibilityGlobals) = postSolution
		SolutionGuid = {C1C77C98-3B73-423C-A10D-139BB87972C3}
	EndGlobalSection
EndGlobal
