
Microsoft Visual Studio Solution File, Format Version 12.00
# Visual Studio Version 17
VisualStudioVersion = 17.4.33110.190
MinimumVisualStudioVersion = 10.0.40219.1
Project("{9A19103F-16F7-4668-BE54-9A1E7A4F7556}") = "AllTrophyStoreItemsUnlocker", "AllTrophyStoreItemsUnlocker\AllTrophyStoreItemsUnlocker.csproj", "{CBFC40CC-874C-4280-A365-2EE382F0BE72}"
EndProject
Project("{FAE04EC0-301F-11D3-BF4B-00C04F79EFBC}") = "IAmNotModding", "IAmNotModding\IAmNotModding.csproj", "{A09A9A64-70D1-454F-A700-557A4C3C4226}"
EndProject
Global
	GlobalSection(SolutionConfigurationPlatforms) = preSolution
		Debug|Any CPU = Debug|Any CPU
		Release|Any CPU = Release|Any CPU
	EndGlobalSection
	GlobalSection(ProjectConfigurationPlatforms) = postSolution
		{CBFC40CC-874C-4280-A365-2EE382F0BE72}.Debug|Any CPU.ActiveCfg = Debug|Any CPU
		{CBFC40CC-874C-4280-A365-2EE382F0BE72}.Debug|Any CPU.Build.0 = Debug|Any CPU
		{CBFC40CC-874C-4280-A365-2EE382F0BE72}.Release|Any CPU.ActiveCfg = Release|Any CPU
		{CBFC40CC-874C-4280-A365-2EE382F0BE72}.Release|Any CPU.Build.0 = Release|Any CPU
		{A09A9A64-70D1-454F-A700-557A4C3C4226}.Debug|Any CPU.ActiveCfg = Debug|Any CPU
		{A09A9A64-70D1-454F-A700-557A4C3C4226}.Debug|Any CPU.Build.0 = Debug|Any CPU
		{A09A9A64-70D1-454F-A700-557A4C3C4226}.Release|Any CPU.ActiveCfg = Release|Any CPU
		{A09A9A64-70D1-454F-A700-557A4C3C4226}.Release|Any CPU.Build.0 = Release|Any CPU
	EndGlobalSection
	GlobalSection(SolutionProperties) = preSolution
		HideSolutionNode = FALSE
	EndGlobalSection
	GlobalSection(ExtensibilityGlobals) = postSolution
		SolutionGuid = {ED8C0DB6-D308-4167-936E-835A3A5386AA}
	EndGlobalSection
EndGlobal
